Microsoft Visual Studio Solution File, Format Version 12.00
# Visual Studio 15
VisualStudioVersion = 15.0.28010.2046
MinimumVisualStudioVersion = 10.0.40219.1
Project("{911E67C6-3D85-4FCE-B560-20A9C3E3FF48}") = "electron", "streamlabs-obs\node_modules\electron\dist\electron.exe", "{1D346459-5189-4522-817E-138600964D0A}"
	ProjectSection(DebuggerProjectSystem) = preProject
		PortSupplier = 00000000-0000-0000-0000-000000000000
		Executable = C:\Users\brank\streamlabs-obs\node_modules\electron\dist\electron.exe
		RemoteMachine = DESKTOP-PB8UEUF
		StartingDirectory = C:\Users\brank\streamlabs-obs\
		Arguments = .
		Environment = Default
		LaunchingEngine = 00000000-0000-0000-0000-000000000000
		UseLegacyDebugEngines = No
		LaunchSQLEngine = No
		AttachLaunchAction = No
	EndProjectSection
EndProject
Project("{2150E333-8FDC-42A3-9474-1A3956D46DE8}") = "Solution Items", "Solution Items", "{F77DED51-9187-4D09-8BAC-D858D9C3DF9C}"
	ProjectSection(SolutionItems) = preProject
		facemask-plugin\base64.cpp = facemask-plugin\base64.cpp
		facemask-plugin\base64.h = facemask-plugin\base64.h
		facemask-plugin\smll\Common.hpp = facemask-plugin\smll\Common.hpp
		facemask-plugin\smll\Config.cpp = facemask-plugin\smll\Config.cpp
		facemask-plugin\smll\Config.hpp = facemask-plugin\smll\Config.hpp
		facemask-plugin\smll\DetectionResults.cpp = facemask-plugin\smll\DetectionResults.cpp
		facemask-plugin\smll\DetectionResults.hpp = facemask-plugin\smll\DetectionResults.hpp
		facemask-plugin\smll\DLibImageWrapper.hpp = facemask-plugin\smll\DLibImageWrapper.hpp
		facemask-plugin\exceptions.cpp = facemask-plugin\exceptions.cpp
		facemask-plugin\exceptions.h = facemask-plugin\exceptions.h
		facemask-plugin\plugin\face-mask-filter.cpp = facemask-plugin\plugin\face-mask-filter.cpp
		facemask-plugin\face-mask-filter.h = facemask-plugin\face-mask-filter.h
		facemask-plugin\smll\Face.cpp = facemask-plugin\smll\Face.cpp
		facemask-plugin\smll\Face.hpp = facemask-plugin\smll\Face.hpp
		facemask-plugin\smll\FaceDetector.cpp = facemask-plugin\smll\FaceDetector.cpp
		facemask-plugin\smll\FaceDetector.hpp = facemask-plugin\smll\FaceDetector.hpp
		obs-studio\UI\focus-list.cpp = obs-studio\UI\focus-list.cpp
		obs-studio\UI\focus-list.hpp = obs-studio\UI\focus-list.hpp
		facemask-plugin\gs-effect.cpp = facemask-plugin\gs-effect.cpp
		facemask-plugin\gs-effect.h = facemask-plugin\gs-effect.h
		facemask-plugin\gs-indexbuffer.cpp = facemask-plugin\gs-indexbuffer.cpp
		facemask-plugin\gs-indexbuffer.h = facemask-plugin\gs-indexbuffer.h
		facemask-plugin\gs-rendertarget.cpp = facemask-plugin\gs-rendertarget.cpp
		facemask-plugin\gs-rendertarget.h = facemask-plugin\gs-rendertarget.h
		facemask-plugin\gs-texture.cpp = facemask-plugin\gs-texture.cpp
		facemask-plugin\gs-texture.h = facemask-plugin\gs-texture.h
		facemask-plugin\gs-vertex.cpp = facemask-plugin\gs-vertex.cpp
		facemask-plugin\gs-vertex.h = facemask-plugin\gs-vertex.h
		facemask-plugin\gs-vertexbuffer.cpp = facemask-plugin\gs-vertexbuffer.cpp
		facemask-plugin\gs-vertexbuffer.h = facemask-plugin\gs-vertexbuffer.h
		obs-studio\UI\horizontal-scroll-area.cpp = obs-studio\UI\horizontal-scroll-area.cpp
		obs-studio\UI\horizontal-scroll-area.hpp = obs-studio\UI\horizontal-scroll-area.hpp
		obs-studio\UI\hotkey-edit.cpp = obs-studio\UI\hotkey-edit.cpp
		obs-studio\UI\hotkey-edit.hpp = obs-studio\UI\hotkey-edit.hpp
		facemask-plugin\smll\ImageWrapper.cpp = facemask-plugin\smll\ImageWrapper.cpp
		facemask-plugin\smll\ImageWrapper.hpp = facemask-plugin\smll\ImageWrapper.hpp
		obs-studio\UI\item-widget-helpers.cpp = obs-studio\UI\item-widget-helpers.cpp
		obs-studio\UI\item-widget-helpers.hpp = obs-studio\UI\item-widget-helpers.hpp
		facemask-plugin\smll\Kalman.hpp = facemask-plugin\smll\Kalman.hpp
		facemask-plugin\smll\landmarks.cpp = facemask-plugin\smll\landmarks.cpp
		facemask-plugin\smll\landmarks.hpp = facemask-plugin\smll\landmarks.hpp
		obs-studio\UI\locked-checkbox.cpp = obs-studio\UI\locked-checkbox.cpp
		obs-studio\UI\locked-checkbox.hpp = obs-studio\UI\locked-checkbox.hpp
		facemask-plugin\mask-instance-data.h = facemask-plugin\mask-instance-data.h
		facemask-plugin\mask-resource-animation.cpp = facemask-plugin\mask-resource-animation.cpp
		facemask-plugin\mask-resource-animation.h = facemask-plugin\mask-resource-animation.h
		facemask-plugin\mask-resource-effect.cpp = facemask-plugin\mask-resource-effect.cpp
		facemask-plugin\mask-resource-effect.h = facemask-plugin\mask-resource-effect.h
		facemask-plugin\mask-resource-emitter.cpp = facemask-plugin\mask-resource-emitter.cpp
		facemask-plugin\mask-resource-emitter.h = facemask-plugin\mask-resource-emitter.h
		facemask-plugin\mask-resource-image.cpp = facemask-plugin\mask-resource-image.cpp
		facemask-plugin\mask-resource-image.h = facemask-plugin\mask-resource-image.h
		facemask-plugin\mask-resource-light.cpp = facemask-plugin\mask-resource-light.cpp
		facemask-plugin\mask-resource-light.h = facemask-plugin\mask-resource-light.h
		facemask-plugin\mask-resource-material.cpp = facemask-plugin\mask-resource-material.cpp
		facemask-plugin\mask-resource-material.h = facemask-plugin\mask-resource-material.h
		facemask-plugin\mask-resource-mesh.cpp = facemask-plugin\mask-resource-mesh.cpp
		facemask-plugin\mask-resource-mesh.h = facemask-plugin\mask-resource-mesh.h
		facemask-plugin\mask-resource-model.cpp = facemask-plugin\mask-resource-model.cpp
		facemask-plugin\mask-resource-model.h = facemask-plugin\mask-resource-model.h
		facemask-plugin\mask-resource-morph.cpp = facemask-plugin\mask-resource-morph.cpp
		facemask-plugin\mask-resource-morph.h = facemask-plugin\mask-resource-morph.h
		facemask-plugin\mask-resource-sequence.cpp = facemask-plugin\mask-resource-sequence.cpp
		facemask-plugin\mask-resource-sequence.h = facemask-plugin\mask-resource-sequence.h
		facemask-plugin\mask-resource-skinned-model.cpp = facemask-plugin\mask-resource-skinned-model.cpp
		facemask-plugin\mask-resource-skinned-model.h = facemask-plugin\mask-resource-skinned-model.h
		facemask-plugin\mask-resource-sound.cpp = facemask-plugin\mask-resource-sound.cpp
		facemask-plugin\mask-resource-sound.h = facemask-plugin\mask-resource-sound.h
		facemask-plugin\mask-resource.cpp = facemask-plugin\mask-resource.cpp
		facemask-plugin\mask-resource.h = facemask-plugin\mask-resource.h
		facemask-plugin\mask.cpp = facemask-plugin\mask.cpp
		facemask-plugin\mask.h = facemask-plugin\mask.h
		obs-studio\UI\menu-button.cpp = obs-studio\UI\menu-button.cpp
		obs-studio\UI\menu-button.hpp = obs-studio\UI\menu-button.hpp
		facemask-plugin\smll\MorphData.cpp = facemask-plugin\smll\MorphData.cpp
		facemask-plugin\smll\MorphData.hpp = facemask-plugin\smll\MorphData.hpp
		obs-studio\UI\mute-checkbox.hpp = obs-studio\UI\mute-checkbox.hpp
		obs-studio\UI\obs-app.cpp = obs-studio\UI\obs-app.cpp
		obs-studio\UI\obs-app.hpp = obs-studio\UI\obs-app.hpp
		obs-studio\libobs\obs-source.c = obs-studio\libobs\obs-source.c
		facemask-plugin\smll\OBSFont.cpp = facemask-plugin\smll\OBSFont.cpp
		facemask-plugin\smll\OBSFont.hpp = facemask-plugin\smll\OBSFont.hpp
		facemask-plugin\smll\OBSRenderer.cpp = facemask-plugin\smll\OBSRenderer.cpp
		facemask-plugin\smll\OBSRenderer.hpp = facemask-plugin\smll\OBSRenderer.hpp
		facemask-plugin\smll\OBSTexture.hpp = facemask-plugin\smll\OBSTexture.hpp
		facemask-plugin\smll\OpenGLRenderer.cpp = facemask-plugin\smll\OpenGLRenderer.cpp
		facemask-plugin\smll\OpenGLRenderer.hpp = facemask-plugin\smll\OpenGLRenderer.hpp
		facemask-plugin\plugin.cpp = facemask-plugin\plugin.cpp
		facemask-plugin\plugin.h = facemask-plugin\plugin.h
		obs-studio\UI\properties-view.cpp = obs-studio\UI\properties-view.cpp
		obs-studio\UI\qt-display.cpp = obs-studio\UI\qt-display.cpp
		obs-studio\UI\qt-display.hpp = obs-studio\UI\qt-display.hpp
		obs-studio\UI\qt-wrappers.cpp = obs-studio\UI\qt-wrappers.cpp
		obs-studio\UI\qt-wrappers.hpp = obs-studio\UI\qt-wrappers.hpp
		facemask-plugin\smll\sarray.hpp = facemask-plugin\smll\sarray.hpp
		facemask-plugin\smll\SingleValueKalman.cpp = facemask-plugin\smll\SingleValueKalman.cpp
		facemask-plugin\smll\SingleValueKalman.hpp = facemask-plugin\smll\SingleValueKalman.hpp
		facemask-plugin\strings.h = facemask-plugin\strings.h
		facemask-plugin\smll\TextShaper.cpp = facemask-plugin\smll\TextShaper.cpp
		facemask-plugin\smll\TextShaper.hpp = facemask-plugin\smll\TextShaper.hpp
		facemask-plugin\smll\TriangulationResult.cpp = facemask-plugin\smll\TriangulationResult.cpp
		facemask-plugin\smll\TriangulationResult.hpp = facemask-plugin\smll\TriangulationResult.hpp
		obs-studio\build\UI\ui_NameDialog.h = obs-studio\build\UI\ui_NameDialog.h
		obs-studio\build\UI\ui_OBSBasic.h = obs-studio\build\UI\ui_OBSBasic.h
		obs-studio\build\UI\ui_OBSBasicFilters.h = obs-studio\build\UI\ui_OBSBasicFilters.h
		obs-studio\build\UI\ui_OBSBasicInteraction.h = obs-studio\build\UI\ui_OBSBasicInteraction.h
		obs-studio\build\UI\ui_OBSBasicSettings.h = obs-studio\build\UI\ui_OBSBasicSettings.h
		obs-studio\build\UI\ui_OBSBasicSourceSelect.h = obs-studio\build\UI\ui_OBSBasicSourceSelect.h
		obs-studio\build\UI\ui_OBSBasicTransform.h = obs-studio\build\UI\ui_OBSBasicTransform.h
		facemask-plugin\utils.cpp = facemask-plugin\utils.cpp
		facemask-plugin\utils.h = facemask-plugin\utils.h
		facemask-plugin\version.in.h = facemask-plugin\version.in.h
	EndProjectSection
EndProject
Global
	GlobalSection(SolutionConfigurationPlatforms) = preSolution
		Debug|x64 = Debug|x64
		MinSizeRel|x64 = MinSizeRel|x64
		Release|x64 = Release|x64
		RelWithDebInfo|x64 = RelWithDebInfo|x64
	EndGlobalSection
	GlobalSection(ProjectConfigurationPlatforms) = postSolution
		{1D346459-5189-4522-817E-138600964D0A}.Debug|x64.ActiveCfg = Release|x64
		{1D346459-5189-4522-817E-138600964D0A}.MinSizeRel|x64.ActiveCfg = Release|x64
		{1D346459-5189-4522-817E-138600964D0A}.Release|x64.ActiveCfg = Release|x64
		{1D346459-5189-4522-817E-138600964D0A}.RelWithDebInfo|x64.ActiveCfg = Release|x64
	EndGlobalSection
	GlobalSection(SolutionProperties) = preSolution
		HideSolutionNode = FALSE
	EndGlobalSection
	GlobalSection(ExtensibilityGlobals) = postSolution
		SolutionGuid = {4268EF32-FFA4-4568-AAC5-4BC9D57B23C3}
	EndGlobalSection
EndGlobal
